
Microsoft Visual Studio Solution File, Format Version 12.00
# Visual Studio 15
VisualStudioVersion = 15.0.27130.2010
MinimumVisualStudioVersion = 10.0.40219.1
Project("{FAE04EC0-301F-11D3-BF4B-00C04F79EFBC}") = "AspNetCoreApp", "AspNetCoreApp\AspNetCoreApp.csproj", "{DE7B75E8-9F73-4DB1-9F98-BB21162CC6DB}"
EndProject
Project("{FAE04EC0-301F-11D3-BF4B-00C04F79EFBC}") = "AspNetCoreApp.Tests", "AspNetCoreApp.Tests\AspNetCoreApp.Tests.csproj", "{ACB3825C-93B6-49C6-ACD0-CD34A743B1D4}"
EndProject
Global
	GlobalSection(SolutionConfigurationPlatforms) = preSolution
		Debug|Any CPU = Debug|Any CPU
		Release|Any CPU = Release|Any CPU
	EndGlobalSection
	GlobalSection(ProjectConfigurationPlatforms) = postSolution
		{DE7B75E8-9F73-4DB1-9F98-BB21162CC6DB}.Debug|Any CPU.ActiveCfg = Debug|Any CPU
		{DE7B75E8-9F73-4DB1-9F98-BB21162CC6DB}.Debug|Any CPU.Build.0 = Debug|Any CPU
		{DE7B75E8-9F73-4DB1-9F98-BB21162CC6DB}.Release|Any CPU.ActiveCfg = Release|Any CPU
		{DE7B75E8-9F73-4DB1-9F98-BB21162CC6DB}.Release|Any CPU.Build.0 = Release|Any CPU
		{ACB3825C-93B6-49C6-ACD0-CD34A743B1D4}.Debug|Any CPU.ActiveCfg = Debug|Any CPU
		{ACB3825C-93B6-49C6-ACD0-CD34A743B1D4}.Debug|Any CPU.Build.0 = Debug|Any CPU
		{ACB3825C-93B6-49C6-ACD0-CD34A743B1D4}.Release|Any CPU.ActiveCfg = Release|Any CPU
		{ACB3825C-93B6-49C6-ACD0-CD34A743B1D4}.Release|Any CPU.Build.0 = Release|Any CPU
	EndGlobalSection
	GlobalSection(SolutionProperties) = preSolution
		HideSolutionNode = FALSE
	EndGlobalSection
	GlobalSection(ExtensibilityGlobals) = postSolution
		SolutionGuid = {537E4778-FD4E-4F01-9F94-F49E36EB113D}
	EndGlobalSection
EndGlobal
